
Microsoft Visual Studio Solution File, Format Version 12.00
# Visual Studio Version 17
VisualStudioVersion = 17.8.34511.84
MinimumVisualStudioVersion = 10.0.40219.1
Project("{FAE04EC0-301F-11D3-BF4B-00C04F79EFBC}") = "Dummy_API", "Dummy_API\Dummy_API.csproj", "{0AA088C0-7829-498C-8A4D-FF8725CEEFA7}"
EndProject
Project("{FAE04EC0-301F-11D3-BF4B-00C04F79EFBC}") = "Dummy_Client", "Dummy_Client\Dummy_Client.csproj", "{BC52B367-DA8A-4533-8102-920D02643123}"
EndProject
Global
	GlobalSection(SolutionConfigurationPlatforms) = preSolution
		Debug|Any CPU = Debug|Any CPU
		Release|Any CPU = Release|Any CPU
	EndGlobalSection
	GlobalSection(ProjectConfigurationPlatforms) = postSolution
		{0AA088C0-7829-498C-8A4D-FF8725CEEFA7}.Debug|Any CPU.ActiveCfg = Debug|Any CPU
		{0AA088C0-7829-498C-8A4D-FF8725CEEFA7}.Debug|Any CPU.Build.0 = Debug|Any CPU
		{0AA088C0-7829-498C-8A4D-FF8725CEEFA7}.Release|Any CPU.ActiveCfg = Release|Any CPU
		{0AA088C0-7829-498C-8A4D-FF8725CEEFA7}.Release|Any CPU.Build.0 = Release|Any CPU
		{BC52B367-DA8A-4533-8102-920D02643123}.Debug|Any CPU.ActiveCfg = Debug|Any CPU
		{BC52B367-DA8A-4533-8102-920D02643123}.Debug|Any CPU.Build.0 = Debug|Any CPU
		{BC52B367-DA8A-4533-8102-920D02643123}.Release|Any CPU.ActiveCfg = Release|Any CPU
		{BC52B367-DA8A-4533-8102-920D02643123}.Release|Any CPU.Build.0 = Release|Any CPU
	EndGlobalSection
	GlobalSection(SolutionProperties) = preSolution
		HideSolutionNode = FALSE
	EndGlobalSection
	GlobalSection(ExtensibilityGlobals) = postSolution
		SolutionGuid = {14EDCB96-FCA8-442D-ABDD-2F494EEF18CD}
	EndGlobalSection
EndGlobal
