
Microsoft Visual Studio Solution File, Format Version 12.00
# Visual Studio Version 17
VisualStudioVersion = 17.8.34511.84
MinimumVisualStudioVersion = 10.0.40219.1
Project("{FAE04EC0-301F-11D3-BF4B-00C04F79EFBC}") = "JWT_DEMO", "JWT_DEMO\JWT_DEMO.csproj", "{5A400FA3-DDCA-41A2-88A9-2A137105D15C}"
EndProject
Global
	GlobalSection(SolutionConfigurationPlatforms) = preSolution
		Debug|Any CPU = Debug|Any CPU
		Release|Any CPU = Release|Any CPU
	EndGlobalSection
	GlobalSection(ProjectConfigurationPlatforms) = postSolution
		{5A400FA3-DDCA-41A2-88A9-2A137105D15C}.Debug|Any CPU.ActiveCfg = Debug|Any CPU
		{5A400FA3-DDCA-41A2-88A9-2A137105D15C}.Debug|Any CPU.Build.0 = Debug|Any CPU
		{5A400FA3-DDCA-41A2-88A9-2A137105D15C}.Release|Any CPU.ActiveCfg = Release|Any CPU
		{5A400FA3-DDCA-41A2-88A9-2A137105D15C}.Release|Any CPU.Build.0 = Release|Any CPU
	EndGlobalSection
	GlobalSection(SolutionProperties) = preSolution
		HideSolutionNode = FALSE
	EndGlobalSection
	GlobalSection(ExtensibilityGlobals) = postSolution
		SolutionGuid = {C87AB7D3-30F5-4A2A-A1AD-66AD9A042A8E}
	EndGlobalSection
EndGlobal
