
Microsoft Visual Studio Solution File, Format Version 12.00
# Visual Studio Version 17
VisualStudioVersion = 17.8.34511.84
MinimumVisualStudioVersion = 10.0.40219.1
Project("{FAE04EC0-301F-11D3-BF4B-00C04F79EFBC}") = "API", "API\API.csproj", "{A3239838-437B-4B52-B980-F58C04AC01B6}"
EndProject
Global
	GlobalSection(SolutionConfigurationPlatforms) = preSolution
		Debug|Any CPU = Debug|Any CPU
		Release|Any CPU = Release|Any CPU
	EndGlobalSection
	GlobalSection(ProjectConfigurationPlatforms) = postSolution
		{A3239838-437B-4B52-B980-F58C04AC01B6}.Debug|Any CPU.ActiveCfg = Debug|Any CPU
		{A3239838-437B-4B52-B980-F58C04AC01B6}.Debug|Any CPU.Build.0 = Debug|Any CPU
		{A3239838-437B-4B52-B980-F58C04AC01B6}.Release|Any CPU.ActiveCfg = Release|Any CPU
		{A3239838-437B-4B52-B980-F58C04AC01B6}.Release|Any CPU.Build.0 = Release|Any CPU
	EndGlobalSection
	GlobalSection(SolutionProperties) = preSolution
		HideSolutionNode = FALSE
	EndGlobalSection
	GlobalSection(ExtensibilityGlobals) = postSolution
		SolutionGuid = {4FD6ADA4-7EE6-4611-BBE3-5591E3FD1F44}
	EndGlobalSection
EndGlobal
